// !$*UTF8*$!
{
	archiveVersion = 1;
	classes = {
	};
	objectVersion = 56;
	objects = {

/* Begin PBXBuildFile section */
		E9375DD12A5FEC85000D25C6 /* FruitsEncyApp.swift in Sources */ = {isa = PBXBuildFile; fileRef = E9375DD02A5FEC85000D25C6 /* FruitsEncyApp.swift */; };
		E9375DD32A5FEC85000D25C6 /* ContentView.swift in Sources */ = {isa = PBXBuildFile; fileRef = E9375DD22A5FEC85000D25C6 /* ContentView.swift */; };
		E9375DD52A5FEC88000D25C6 /* Assets.xcassets in Resources */ = {isa = PBXBuildFile; fileRef = E9375DD42A5FEC88000D25C6 /* Assets.xcassets */; };
		E9375DD82A5FEC88000D25C6 /* Preview Assets.xcassets in Resources */ = {isa = PBXBuildFile; fileRef = E9375DD72A5FEC88000D25C6 /* Preview Assets.xcassets */; };
		E9375DE22A5FF057000D25C6 /* FruitCardView.swift in Sources */ = {isa = PBXBuildFile; fileRef = E9375DE12A5FF057000D25C6 /* FruitCardView.swift */; };
		E999DB1A2A603B83004E8B71 /* StartButtonView.swift in Sources */ = {isa = PBXBuildFile; fileRef = E999DB192A603B83004E8B71 /* StartButtonView.swift */; };
		E999DB1C2A603E45004E8B71 /* OnboardingView.swift in Sources */ = {isa = PBXBuildFile; fileRef = E999DB1B2A603E45004E8B71 /* OnboardingView.swift */; };
		E999DB1F2A6040FD004E8B71 /* FruitModel.swift in Sources */ = {isa = PBXBuildFile; fileRef = E999DB1E2A6040FD004E8B71 /* FruitModel.swift */; };
		E999DB222A60425F004E8B71 /* FruitData.swift in Sources */ = {isa = PBXBuildFile; fileRef = E999DB212A60425F004E8B71 /* FruitData.swift */; };
		E999DB242A606117004E8B71 /* FruitRowView.swift in Sources */ = {isa = PBXBuildFile; fileRef = E999DB232A606117004E8B71 /* FruitRowView.swift */; };
		E999DB262A6097B6004E8B71 /* FruitDetailView.swift in Sources */ = {isa = PBXBuildFile; fileRef = E999DB252A6097B5004E8B71 /* FruitDetailView.swift */; };
		E999DB282A609B34004E8B71 /* FruitHeaderView.swift in Sources */ = {isa = PBXBuildFile; fileRef = E999DB272A609B34004E8B71 /* FruitHeaderView.swift */; };
		E999DB2A2A609DE4004E8B71 /* SourceLinkView.swift in Sources */ = {isa = PBXBuildFile; fileRef = E999DB292A609DE4004E8B71 /* SourceLinkView.swift */; };
		E999DB2C2A60A4C0004E8B71 /* FruitNutrientsView.swift in Sources */ = {isa = PBXBuildFile; fileRef = E999DB2B2A60A4C0004E8B71 /* FruitNutrientsView.swift */; };
		E999DB2E2A60A8D6004E8B71 /* SettingsView.swift in Sources */ = {isa = PBXBuildFile; fileRef = E999DB2D2A60A8D6004E8B71 /* SettingsView.swift */; };
		E999DB302A60B111004E8B71 /* SettingsLabelView.swift in Sources */ = {isa = PBXBuildFile; fileRef = E999DB2F2A60B111004E8B71 /* SettingsLabelView.swift */; };
		E999DB322A60BF75004E8B71 /* SettingsRowView.swift in Sources */ = {isa = PBXBuildFile; fileRef = E999DB312A60BF75004E8B71 /* SettingsRowView.swift */; };
/* End PBXBuildFile section */

/* Begin PBXFileReference section */
		E9375DCD2A5FEC85000D25C6 /* FruitsEncy.app */ = {isa = PBXFileReference; explicitFileType = wrapper.application; includeInIndex = 0; path = FruitsEncy.app; sourceTree = BUILT_PRODUCTS_DIR; };
		E9375DD02A5FEC85000D25C6 /* FruitsEncyApp.swift */ = {isa = PBXFileReference; lastKnownFileType = sourcecode.swift; path = FruitsEncyApp.swift; sourceTree = "<group>"; };
		E9375DD22A5FEC85000D25C6 /* ContentView.swift */ = {isa = PBXFileReference; lastKnownFileType = sourcecode.swift; path = ContentView.swift; sourceTree = "<group>"; };
		E9375DD42A5FEC88000D25C6 /* Assets.xcassets */ = {isa = PBXFileReference; lastKnownFileType = folder.assetcatalog; path = Assets.xcassets; sourceTree = "<group>"; };
		E9375DD72A5FEC88000D25C6 /* Preview Assets.xcassets */ = {isa = PBXFileReference; lastKnownFileType = folder.assetcatalog; path = "Preview Assets.xcassets"; sourceTree = "<group>"; };
		E9375DE12A5FF057000D25C6 /* FruitCardView.swift */ = {isa = PBXFileReference; lastKnownFileType = sourcecode.swift; path = FruitCardView.swift; sourceTree = "<group>"; };
		E999DB192A603B83004E8B71 /* StartButtonView.swift */ = {isa = PBXFileReference; lastKnownFileType = sourcecode.swift; path = StartButtonView.swift; sourceTree = "<group>"; };
		E999DB1B2A603E45004E8B71 /* OnboardingView.swift */ = {isa = PBXFileReference; lastKnownFileType = sourcecode.swift; path = OnboardingView.swift; sourceTree = "<group>"; };
		E999DB1E2A6040FD004E8B71 /* FruitModel.swift */ = {isa = PBXFileReference; lastKnownFileType = sourcecode.swift; path = FruitModel.swift; sourceTree = "<group>"; };
		E999DB212A60425F004E8B71 /* FruitData.swift */ = {isa = PBXFileReference; lastKnownFileType = sourcecode.swift; path = FruitData.swift; sourceTree = "<group>"; };
		E999DB232A606117004E8B71 /* FruitRowView.swift */ = {isa = PBXFileReference; lastKnownFileType = sourcecode.swift; path = FruitRowView.swift; sourceTree = "<group>"; };
		E999DB252A6097B5004E8B71 /* FruitDetailView.swift */ = {isa = PBXFileReference; lastKnownFileType = sourcecode.swift; path = FruitDetailView.swift; sourceTree = "<group>"; };
		E999DB272A609B34004E8B71 /* FruitHeaderView.swift */ = {isa = PBXFileReference; lastKnownFileType = sourcecode.swift; path = FruitHeaderView.swift; sourceTree = "<group>"; };
		E999DB292A609DE4004E8B71 /* SourceLinkView.swift */ = {isa = PBXFileReference; lastKnownFileType = sourcecode.swift; path = SourceLinkView.swift; sourceTree = "<group>"; };
		E999DB2B2A60A4C0004E8B71 /* FruitNutrientsView.swift */ = {isa = PBXFileReference; lastKnownFileType = sourcecode.swift; path = FruitNutrientsView.swift; sourceTree = "<group>"; };
		E999DB2D2A60A8D6004E8B71 /* SettingsView.swift */ = {isa = PBXFileReference; lastKnownFileType = sourcecode.swift; path = SettingsView.swift; sourceTree = "<group>"; };
		E999DB2F2A60B111004E8B71 /* SettingsLabelView.swift */ = {isa = PBXFileReference; lastKnownFileType = sourcecode.swift; path = SettingsLabelView.swift; sourceTree = "<group>"; };
		E999DB312A60BF75004E8B71 /* SettingsRowView.swift */ = {isa = PBXFileReference; lastKnownFileType = sourcecode.swift; path = SettingsRowView.swift; sourceTree = "<group>"; };
/* End PBXFileReference section */

/* Begin PBXFrameworksBuildPhase section */
		E9375DCA2A5FEC85000D25C6 /* Frameworks */ = {
			isa = PBXFrameworksBuildPhase;
			buildActionMask = 2147483647;
			files = (
			);
			runOnlyForDeploymentPostprocessing = 0;
		};
/* End PBXFrameworksBuildPhase section */

/* Begin PBXGroup section */
		E9375DC42A5FEC85000D25C6 = {
			isa = PBXGroup;
			children = (
				E9375DCF2A5FEC85000D25C6 /* FruitsEncy */,
				E9375DCE2A5FEC85000D25C6 /* Products */,
			);
			sourceTree = "<group>";
		};
		E9375DCE2A5FEC85000D25C6 /* Products */ = {
			isa = PBXGroup;
			children = (
				E9375DCD2A5FEC85000D25C6 /* FruitsEncy.app */,
			);
			name = Products;
			sourceTree = "<group>";
		};
		E9375DCF2A5FEC85000D25C6 /* FruitsEncy */ = {
			isa = PBXGroup;
			children = (
				E999DB202A60424A004E8B71 /* Data */,
				E999DB1D2A6040E0004E8B71 /* Model */,
				E9375DE02A5FF027000D25C6 /* View */,
				E9375DDE2A5FEF09000D25C6 /* App */,
				E9375DD42A5FEC88000D25C6 /* Assets.xcassets */,
				E9375DD62A5FEC88000D25C6 /* Preview Content */,
			);
			path = FruitsEncy;
			sourceTree = "<group>";
		};
		E9375DD62A5FEC88000D25C6 /* Preview Content */ = {
			isa = PBXGroup;
			children = (
				E9375DD72A5FEC88000D25C6 /* Preview Assets.xcassets */,
			);
			path = "Preview Content";
			sourceTree = "<group>";
		};
		E9375DDE2A5FEF09000D25C6 /* App */ = {
			isa = PBXGroup;
			children = (
				E9375DD02A5FEC85000D25C6 /* FruitsEncyApp.swift */,
				E9375DD22A5FEC85000D25C6 /* ContentView.swift */,
				E999DB252A6097B5004E8B71 /* FruitDetailView.swift */,
				E999DB1B2A603E45004E8B71 /* OnboardingView.swift */,
				E999DB2D2A60A8D6004E8B71 /* SettingsView.swift */,
			);
			path = App;
			sourceTree = "<group>";
		};
		E9375DE02A5FF027000D25C6 /* View */ = {
			isa = PBXGroup;
			children = (
				E9375DE12A5FF057000D25C6 /* FruitCardView.swift */,
				E999DB192A603B83004E8B71 /* StartButtonView.swift */,
				E999DB232A606117004E8B71 /* FruitRowView.swift */,
				E999DB2F2A60B111004E8B71 /* SettingsLabelView.swift */,
				E999DB312A60BF75004E8B71 /* SettingsRowView.swift */,
				E999DB272A609B34004E8B71 /* FruitHeaderView.swift */,
				E999DB292A609DE4004E8B71 /* SourceLinkView.swift */,
				E999DB2B2A60A4C0004E8B71 /* FruitNutrientsView.swift */,
			);
			path = View;
			sourceTree = "<group>";
		};
		E999DB1D2A6040E0004E8B71 /* Model */ = {
			isa = PBXGroup;
			children = (
				E999DB1E2A6040FD004E8B71 /* FruitModel.swift */,
			);
			path = Model;
			sourceTree = "<group>";
		};
		E999DB202A60424A004E8B71 /* Data */ = {
			isa = PBXGroup;
			children = (
				E999DB212A60425F004E8B71 /* FruitData.swift */,
			);
			path = Data;
			sourceTree = "<group>";
		};
/* End PBXGroup section */

/* Begin PBXNativeTarget section */
		E9375DCC2A5FEC85000D25C6 /* FruitsEncy */ = {
			isa = PBXNativeTarget;
			buildConfigurationList = E9375DDB2A5FEC88000D25C6 /* Build configuration list for PBXNativeTarget "FruitsEncy" */;
			buildPhases = (
				E9375DC92A5FEC85000D25C6 /* Sources */,
				E9375DCA2A5FEC85000D25C6 /* Frameworks */,
				E9375DCB2A5FEC85000D25C6 /* Resources */,
			);
			buildRules = (
			);
			dependencies = (
			);
			name = FruitsEncy;
			productName = FruitsEncy;
			productReference = E9375DCD2A5FEC85000D25C6 /* FruitsEncy.app */;
			productType = "com.apple.product-type.application";
		};
/* End PBXNativeTarget section */

/* Begin PBXProject section */
		E9375DC52A5FEC85000D25C6 /* Project object */ = {
			isa = PBXProject;
			attributes = {
				BuildIndependentTargetsInParallel = 1;
				LastSwiftUpdateCheck = 1430;
				LastUpgradeCheck = 1430;
				TargetAttributes = {
					E9375DCC2A5FEC85000D25C6 = {
						CreatedOnToolsVersion = 14.3.1;
					};
				};
			};
			buildConfigurationList = E9375DC82A5FEC85000D25C6 /* Build configuration list for PBXProject "FruitsEncy" */;
			compatibilityVersion = "Xcode 14.0";
			developmentRegion = en;
			hasScannedForEncodings = 0;
			knownRegions = (
				en,
				Base,
			);
			mainGroup = E9375DC42A5FEC85000D25C6;
			productRefGroup = E9375DCE2A5FEC85000D25C6 /* Products */;
			projectDirPath = "";
			projectRoot = "";
			targets = (
				E9375DCC2A5FEC85000D25C6 /* FruitsEncy */,
			);
		};
/* End PBXProject section */

/* Begin PBXResourcesBuildPhase section */
		E9375DCB2A5FEC85000D25C6 /* Resources */ = {
			isa = PBXResourcesBuildPhase;
			buildActionMask = 2147483647;
			files = (
				E9375DD82A5FEC88000D25C6 /* Preview Assets.xcassets in Resources */,
				E9375DD52A5FEC88000D25C6 /* Assets.xcassets in Resources */,
			);
			runOnlyForDeploymentPostprocessing = 0;
		};
/* End PBXResourcesBuildPhase section */

/* Begin PBXSourcesBuildPhase section */
		E9375DC92A5FEC85000D25C6 /* Sources */ = {
			isa = PBXSourcesBuildPhase;
			buildActionMask = 2147483647;
			files = (
				E999DB222A60425F004E8B71 /* FruitData.swift in Sources */,
				E999DB2A2A609DE4004E8B71 /* SourceLinkView.swift in Sources */,
				E999DB322A60BF75004E8B71 /* SettingsRowView.swift in Sources */,
				E9375DE22A5FF057000D25C6 /* FruitCardView.swift in Sources */,
				E999DB242A606117004E8B71 /* FruitRowView.swift in Sources */,
				E999DB2C2A60A4C0004E8B71 /* FruitNutrientsView.swift in Sources */,
				E9375DD32A5FEC85000D25C6 /* ContentView.swift in Sources */,
				E999DB262A6097B6004E8B71 /* FruitDetailView.swift in Sources */,
				E999DB1A2A603B83004E8B71 /* StartButtonView.swift in Sources */,
				E999DB282A609B34004E8B71 /* FruitHeaderView.swift in Sources */,
				E999DB1C2A603E45004E8B71 /* OnboardingView.swift in Sources */,
				E999DB302A60B111004E8B71 /* SettingsLabelView.swift in Sources */,
				E999DB1F2A6040FD004E8B71 /* FruitModel.swift in Sources */,
				E9375DD12A5FEC85000D25C6 /* FruitsEncyApp.swift in Sources */,
				E999DB2E2A60A8D6004E8B71 /* SettingsView.swift in Sources */,
			);
			runOnlyForDeploymentPostprocessing = 0;
		};
/* End PBXSourcesBuildPhase section */

/* Begin XCBuildConfiguration section */
		E9375DD92A5FEC88000D25C6 /* Debug */ = {
			isa = XCBuildConfiguration;
			buildSettings = {
				ALWAYS_SEARCH_USER_PATHS = NO;
				CLANG_ANALYZER_NONNULL = YES;
				CLANG_ANALYZER_NUMBER_OBJECT_CONVERSION = YES_AGGRESSIVE;
				CLANG_CXX_LANGUAGE_STANDARD = "gnu++20";
				CLANG_ENABLE_MODULES = YES;
				CLANG_ENABLE_OBJC_ARC = YES;
				CLANG_ENABLE_OBJC_WEAK = YES;
				CLANG_WARN_BLOCK_CAPTURE_AUTORELEASING = YES;
				CLANG_WARN_BOOL_CONVERSION = YES;
				CLANG_WARN_COMMA = YES;
				CLANG_WARN_CONSTANT_CONVERSION = YES;
				CLANG_WARN_DEPRECATED_OBJC_IMPLEMENTATIONS = YES;
				CLANG_WARN_DIRECT_OBJC_ISA_USAGE = YES_ERROR;
				CLANG_WARN_DOCUMENTATION_COMMENTS = YES;
				CLANG_WARN_EMPTY_BODY = YES;
				CLANG_WARN_ENUM_CONVERSION = YES;
				CLANG_WARN_INFINITE_RECURSION = YES;
				CLANG_WARN_INT_CONVERSION = YES;
				CLANG_WARN_NON_LITERAL_NULL_CONVERSION = YES;
				CLANG_WARN_OBJC_IMPLICIT_RETAIN_SELF = YES;
				CLANG_WARN_OBJC_LITERAL_CONVERSION = YES;
				CLANG_WARN_OBJC_ROOT_CLASS = YES_ERROR;
				CLANG_WARN_QUOTED_INCLUDE_IN_FRAMEWORK_HEADER = YES;
				CLANG_WARN_RANGE_LOOP_ANALYSIS = YES;
				CLANG_WARN_STRICT_PROTOTYPES = YES;
				CLANG_WARN_SUSPICIOUS_MOVE = YES;
				CLANG_WARN_UNGUARDED_AVAILABILITY = YES_AGGRESSIVE;
				CLANG_WARN_UNREACHABLE_CODE = YES;
				CLANG_WARN__DUPLICATE_METHOD_MATCH = YES;
				COPY_PHASE_STRIP = NO;
				DEBUG_INFORMATION_FORMAT = dwarf;
				ENABLE_STRICT_OBJC_MSGSEND = YES;
				ENABLE_TESTABILITY = YES;
				GCC_C_LANGUAGE_STANDARD = gnu11;
				GCC_DYNAMIC_NO_PIC = NO;
				GCC_NO_COMMON_BLOCKS = YES;
				GCC_OPTIMIZATION_LEVEL = 0;
				GCC_PREPROCESSOR_DEFINITIONS = (
					"DEBUG=1",
					"$(inherited)",
				);
				GCC_WARN_64_TO_32_BIT_CONVERSION = YES;
				GCC_WARN_ABOUT_RETURN_TYPE = YES_ERROR;
				GCC_WARN_UNDECLARED_SELECTOR = YES;
				GCC_WARN_UNINITIALIZED_AUTOS = YES_AGGRESSIVE;
				GCC_WARN_UNUSED_FUNCTION = YES;
				GCC_WARN_UNUSED_VARIABLE = YES;
				IPHONEOS_DEPLOYMENT_TARGET = 16.4;
				MTL_ENABLE_DEBUG_INFO = INCLUDE_SOURCE;
				MTL_FAST_MATH = YES;
				ONLY_ACTIVE_ARCH = YES;
				SDKROOT = iphoneos;
				SWIFT_ACTIVE_COMPILATION_CONDITIONS = DEBUG;
				SWIFT_OPTIMIZATION_LEVEL = "-Onone";
			};
			name = Debug;
		};
		E9375DDA2A5FEC88000D25C6 /* Release */ = {
			isa = XCBuildConfiguration;
			buildSettings = {
				ALWAYS_SEARCH_USER_PATHS = NO;
				CLANG_ANALYZER_NONNULL = YES;
				CLANG_ANALYZER_NUMBER_OBJECT_CONVERSION = YES_AGGRESSIVE;
				CLANG_CXX_LANGUAGE_STANDARD = "gnu++20";
				CLANG_ENABLE_MODULES = YES;
				CLANG_ENABLE_OBJC_ARC = YES;
				CLANG_ENABLE_OBJC_WEAK = YES;
				CLANG_WARN_BLOCK_CAPTURE_AUTORELEASING = YES;
				CLANG_WARN_BOOL_CONVERSION = YES;
				CLANG_WARN_COMMA = YES;
				CLANG_WARN_CONSTANT_CONVERSION = YES;
				CLANG_WARN_DEPRECATED_OBJC_IMPLEMENTATIONS = YES;
				CLANG_WARN_DIRECT_OBJC_ISA_USAGE = YES_ERROR;
				CLANG_WARN_DOCUMENTATION_COMMENTS = YES;
				CLANG_WARN_EMPTY_BODY = YES;
				CLANG_WARN_ENUM_CONVERSION = YES;
				CLANG_WARN_INFINITE_RECURSION = YES;
				CLANG_WARN_INT_CONVERSION = YES;
				CLANG_WARN_NON_LITERAL_NULL_CONVERSION = YES;
				CLANG_WARN_OBJC_IMPLICIT_RETAIN_SELF = YES;
				CLANG_WARN_OBJC_LITERAL_CONVERSION = YES;
				CLANG_WARN_OBJC_ROOT_CLASS = YES_ERROR;
				CLANG_WARN_QUOTED_INCLUDE_IN_FRAMEWORK_HEADER = YES;
				CLANG_WARN_RANGE_LOOP_ANALYSIS = YES;
				CLANG_WARN_STRICT_PROTOTYPES = YES;
				CLANG_WARN_SUSPICIOUS_MOVE = YES;
				CLANG_WARN_UNGUARDED_AVAILABILITY = YES_AGGRESSIVE;
				CLANG_WARN_UNREACHABLE_CODE = YES;
				CLANG_WARN__DUPLICATE_METHOD_MATCH = YES;
				COPY_PHASE_STRIP = NO;
				DEBUG_INFORMATION_FORMAT = "dwarf-with-dsym";
				ENABLE_NS_ASSERTIONS = NO;
				ENABLE_STRICT_OBJC_MSGSEND = YES;
				GCC_C_LANGUAGE_STANDARD = gnu11;
				GCC_NO_COMMON_BLOCKS = YES;
				GCC_WARN_64_TO_32_BIT_CONVERSION = YES;
				GCC_WARN_ABOUT_RETURN_TYPE = YES_ERROR;
				GCC_WARN_UNDECLARED_SELECTOR = YES;
				GCC_WARN_UNINITIALIZED_AUTOS = YES_AGGRESSIVE;
				GCC_WARN_UNUSED_FUNCTION = YES;
				GCC_WARN_UNUSED_VARIABLE = YES;
				IPHONEOS_DEPLOYMENT_TARGET = 16.4;
				MTL_ENABLE_DEBUG_INFO = NO;
				MTL_FAST_MATH = YES;
				SDKROOT = iphoneos;
				SWIFT_COMPILATION_MODE = wholemodule;
				SWIFT_OPTIMIZATION_LEVEL = "-O";
				VALIDATE_PRODUCT = YES;
			};
			name = Release;
		};
		E9375DDC2A5FEC88000D25C6 /* Debug */ = {
			isa = XCBuildConfiguration;
			buildSettings = {
				ASSETCATALOG_COMPILER_APPICON_NAME = AppIcon;
				ASSETCATALOG_COMPILER_GLOBAL_ACCENT_COLOR_NAME = AccentColor;
				CODE_SIGN_STYLE = Automatic;
				CURRENT_PROJECT_VERSION = 1;
				DEVELOPMENT_ASSET_PATHS = "\"FruitsEncy/Preview Content\"";
				DEVELOPMENT_TEAM = 3V7H9MP56S;
				ENABLE_PREVIEWS = YES;
				GENERATE_INFOPLIST_FILE = YES;
				INFOPLIST_KEY_UIApplicationSceneManifest_Generation = YES;
				INFOPLIST_KEY_UIApplicationSupportsIndirectInputEvents = YES;
				INFOPLIST_KEY_UILaunchScreen_Generation = YES;
				INFOPLIST_KEY_UISupportedInterfaceOrientations_iPad = "UIInterfaceOrientationPortrait UIInterfaceOrientationPortraitUpsideDown UIInterfaceOrientationLandscapeLeft UIInterfaceOrientationLandscapeRight";
				INFOPLIST_KEY_UISupportedInterfaceOrientations_iPhone = "UIInterfaceOrientationPortrait UIInterfaceOrientationLandscapeLeft UIInterfaceOrientationLandscapeRight";
				LD_RUNPATH_SEARCH_PATHS = (
					"$(inherited)",
					"@executable_path/Frameworks",
				);
				MARKETING_VERSION = 1.0;
				PRODUCT_BUNDLE_IDENTIFIER = com.brave.FruitsEncy;
				PRODUCT_NAME = "$(TARGET_NAME)";
				SWIFT_EMIT_LOC_STRINGS = YES;
				SWIFT_VERSION = 5.0;
				TARGETED_DEVICE_FAMILY = "1,2";
			};
			name = Debug;
		};
		E9375DDD2A5FEC88000D25C6 /* Release */ = {
			isa = XCBuildConfiguration;
			buildSettings = {
				ASSETCATALOG_COMPILER_APPICON_NAME = AppIcon;
				ASSETCATALOG_COMPILER_GLOBAL_ACCENT_COLOR_NAME = AccentColor;
				CODE_SIGN_STYLE = Automatic;
				CURRENT_PROJECT_VERSION = 1;
				DEVELOPMENT_ASSET_PATHS = "\"FruitsEncy/Preview Content\"";
				DEVELOPMENT_TEAM = 3V7H9MP56S;
				ENABLE_PREVIEWS = YES;
				GENERATE_INFOPLIST_FILE = YES;
				INFOPLIST_KEY_UIApplicationSceneManifest_Generation = YES;
				INFOPLIST_KEY_UIApplicationSupportsIndirectInputEvents = YES;
				INFOPLIST_KEY_UILaunchScreen_Generation = YES;
				INFOPLIST_KEY_UISupportedInterfaceOrientations_iPad = "UIInterfaceOrientationPortrait UIInterfaceOrientationPortraitUpsideDown UIInterfaceOrientationLandscapeLeft UIInterfaceOrientationLandscapeRight";
				INFOPLIST_KEY_UISupportedInterfaceOrientations_iPhone = "UIInterfaceOrientationPortrait UIInterfaceOrientationLandscapeLeft UIInterfaceOrientationLandscapeRight";
				LD_RUNPATH_SEARCH_PATHS = (
					"$(inherited)",
					"@executable_path/Frameworks",
				);
				MARKETING_VERSION = 1.0;
				PRODUCT_BUNDLE_IDENTIFIER = com.brave.FruitsEncy;
				PRODUCT_NAME = "$(TARGET_NAME)";
				SWIFT_EMIT_LOC_STRINGS = YES;
				SWIFT_VERSION = 5.0;
				TARGETED_DEVICE_FAMILY = "1,2";
			};
			name = Release;
		};
/* End XCBuildConfiguration section */

/* Begin XCConfigurationList section */
		E9375DC82A5FEC85000D25C6 /* Build configuration list for PBXProject "FruitsEncy" */ = {
			isa = XCConfigurationList;
			buildConfigurations = (
				E9375DD92A5FEC88000D25C6 /* Debug */,
				E9375DDA2A5FEC88000D25C6 /* Release */,
			);
			defaultConfigurationIsVisible = 0;
			defaultConfigurationName = Release;
		};
		E9375DDB2A5FEC88000D25C6 /* Build configuration list for PBXNativeTarget "FruitsEncy" */ = {
			isa = XCConfigurationList;
			buildConfigurations = (
				E9375DDC2A5FEC88000D25C6 /* Debug */,
				E9375DDD2A5FEC88000D25C6 /* Release */,
			);
			defaultConfigurationIsVisible = 0;
			defaultConfigurationName = Release;
		};
/* End XCConfigurationList section */
	};
	rootObject = E9375DC52A5FEC85000D25C6 /* Project object */;
}
